
Microsoft Visual Studio Solution File, Format Version 12.00
# Visual Studio Version 17
VisualStudioVersion = 17.11.35327.3
MinimumVisualStudioVersion = 10.0.40219.1
Project("{FAE04EC0-301F-11D3-BF4B-00C04F79EFBC}") = "ödev 2.0", "ödev 2.0.csproj", "{A04006D8-88D1-4DC5-BC4F-9E884A6ABF73}"
EndProject
Global
	GlobalSection(SolutionConfigurationPlatforms) = preSolution
		Debug|Any CPU = Debug|Any CPU
		Release|Any CPU = Release|Any CPU
	EndGlobalSection
	GlobalSection(ProjectConfigurationPlatforms) = postSolution
		{A04006D8-88D1-4DC5-BC4F-9E884A6ABF73}.Debug|Any CPU.ActiveCfg = Debug|Any CPU
		{A04006D8-88D1-4DC5-BC4F-9E884A6ABF73}.Debug|Any CPU.Build.0 = Debug|Any CPU
		{A04006D8-88D1-4DC5-BC4F-9E884A6ABF73}.Release|Any CPU.ActiveCfg = Release|Any CPU
		{A04006D8-88D1-4DC5-BC4F-9E884A6ABF73}.Release|Any CPU.Build.0 = Release|Any CPU
	EndGlobalSection
	GlobalSection(SolutionProperties) = preSolution
		HideSolutionNode = FALSE
	EndGlobalSection
	GlobalSection(ExtensibilityGlobals) = postSolution
		SolutionGuid = {B512B3F7-AAC1-43CE-988B-9B95BF08CBFC}
	EndGlobalSection
EndGlobal
